
Microsoft Visual Studio Solution File, Format Version 12.00
# Visual Studio Version 16
VisualStudioVersion = 16.0.31019.35
MinimumVisualStudioVersion = 10.0.40219.1
Project("{8BC9CEB8-8B4A-11D0-8D11-00A0C91BC942}") = "OnitamaServer", "OnitamaServer\OnitamaServer.vcxproj", "{C7B2E830-5EB3-4E9B-875D-78431417F759}"
	ProjectSection(ProjectDependencies) = postProject
		{7B66C228-A90F-434D-8FD1-B817B694D0FF} = {7B66C228-A90F-434D-8FD1-B817B694D0FF}
		{01E7E5E1-2EC8-4F03-9DF1-BEBC3B22D28C} = {01E7E5E1-2EC8-4F03-9DF1-BEBC3B22D28C}
	EndProjectSection
EndProject
Project("{8BC9CEB8-8B4A-11D0-8D11-00A0C91BC942}") = "OnitamaEngine", "OnitamaEngine\OnitamaEngine.vcxproj", "{7B66C228-A90F-434D-8FD1-B817B694D0FF}"
	ProjectSection(ProjectDependencies) = postProject
		{2A64148F-AF9D-44C3-82F5-AC6439EAAEF7} = {2A64148F-AF9D-44C3-82F5-AC6439EAAEF7}
	EndProjectSection
EndProject
Project("{8BC9CEB8-8B4A-11D0-8D11-00A0C91BC942}") = "OnitamaMessages", "OnitamaMessages\OnitamaMessages.vcxproj", "{01E7E5E1-2EC8-4F03-9DF1-BEBC3B22D28C}"
	ProjectSection(ProjectDependencies) = postProject
		{1D87A8C9-1130-4086-B0AA-1BDE30D1E497} = {1D87A8C9-1130-4086-B0AA-1BDE30D1E497}
	EndProjectSection
EndProject
Project("{8BC9CEB8-8B4A-11D0-8D11-00A0C91BC942}") = "OnitamaEngineDll", "OnitamaEngineDll\OnitamaEngineDll.vcxproj", "{2A64148F-AF9D-44C3-82F5-AC6439EAAEF7}"
EndProject
Project("{8BC9CEB8-8B4A-11D0-8D11-00A0C91BC942}") = "OnitamaMessagesDll", "OnitamaMessagesDll\OnitamaMessagesDll.vcxproj", "{1D87A8C9-1130-4086-B0AA-1BDE30D1E497}"
EndProject
Global
	GlobalSection(SolutionConfigurationPlatforms) = preSolution
		Debug|Any CPU = Debug|Any CPU
		Debug|x64 = Debug|x64
		Debug|x86 = Debug|x86
		Release|Any CPU = Release|Any CPU
		Release|x64 = Release|x64
		Release|x86 = Release|x86
	EndGlobalSection
	GlobalSection(ProjectConfigurationPlatforms) = postSolution
		{C7B2E830-5EB3-4E9B-875D-78431417F759}.Debug|Any CPU.ActiveCfg = Debug|Win32
		{C7B2E830-5EB3-4E9B-875D-78431417F759}.Debug|x64.ActiveCfg = Debug|x64
		{C7B2E830-5EB3-4E9B-875D-78431417F759}.Debug|x64.Build.0 = Debug|x64
		{C7B2E830-5EB3-4E9B-875D-78431417F759}.Debug|x86.ActiveCfg = Debug|Win32
		{C7B2E830-5EB3-4E9B-875D-78431417F759}.Debug|x86.Build.0 = Debug|Win32
		{C7B2E830-5EB3-4E9B-875D-78431417F759}.Release|Any CPU.ActiveCfg = Release|Win32
		{C7B2E830-5EB3-4E9B-875D-78431417F759}.Release|x64.ActiveCfg = Release|x64
		{C7B2E830-5EB3-4E9B-875D-78431417F759}.Release|x64.Build.0 = Release|x64
		{C7B2E830-5EB3-4E9B-875D-78431417F759}.Release|x86.ActiveCfg = Release|Win32
		{C7B2E830-5EB3-4E9B-875D-78431417F759}.Release|x86.Build.0 = Release|Win32
		{7B66C228-A90F-434D-8FD1-B817B694D0FF}.Debug|Any CPU.ActiveCfg = Debug|Win32
		{7B66C228-A90F-434D-8FD1-B817B694D0FF}.Debug|x64.ActiveCfg = Debug|x64
		{7B66C228-A90F-434D-8FD1-B817B694D0FF}.Debug|x64.Build.0 = Debug|x64
		{7B66C228-A90F-434D-8FD1-B817B694D0FF}.Debug|x86.ActiveCfg = Debug|Win32
		{7B66C228-A90F-434D-8FD1-B817B694D0FF}.Debug|x86.Build.0 = Debug|Win32
		{7B66C228-A90F-434D-8FD1-B817B694D0FF}.Release|Any CPU.ActiveCfg = Release|Win32
		{7B66C228-A90F-434D-8FD1-B817B694D0FF}.Release|x64.ActiveCfg = Release|x64
		{7B66C228-A90F-434D-8FD1-B817B694D0FF}.Release|x64.Build.0 = Release|x64
		{7B66C228-A90F-434D-8FD1-B817B694D0FF}.Release|x86.ActiveCfg = Release|Win32
		{7B66C228-A90F-434D-8FD1-B817B694D0FF}.Release|x86.Build.0 = Release|Win32
		{01E7E5E1-2EC8-4F03-9DF1-BEBC3B22D28C}.Debug|Any CPU.ActiveCfg = Debug|Win32
		{01E7E5E1-2EC8-4F03-9DF1-BEBC3B22D28C}.Debug|x64.ActiveCfg = Debug|x64
		{01E7E5E1-2EC8-4F03-9DF1-BEBC3B22D28C}.Debug|x64.Build.0 = Debug|x64
		{01E7E5E1-2EC8-4F03-9DF1-BEBC3B22D28C}.Debug|x86.ActiveCfg = Debug|Win32
		{01E7E5E1-2EC8-4F03-9DF1-BEBC3B22D28C}.Debug|x86.Build.0 = Debug|Win32
		{01E7E5E1-2EC8-4F03-9DF1-BEBC3B22D28C}.Release|Any CPU.ActiveCfg = Release|Win32
		{01E7E5E1-2EC8-4F03-9DF1-BEBC3B22D28C}.Release|x64.ActiveCfg = Release|x64
		{01E7E5E1-2EC8-4F03-9DF1-BEBC3B22D28C}.Release|x64.Build.0 = Release|x64
		{01E7E5E1-2EC8-4F03-9DF1-BEBC3B22D28C}.Release|x86.ActiveCfg = Release|Win32
		{01E7E5E1-2EC8-4F03-9DF1-BEBC3B22D28C}.Release|x86.Build.0 = Release|Win32
		{2A64148F-AF9D-44C3-82F5-AC6439EAAEF7}.Debug|Any CPU.ActiveCfg = Debug|Win32
		{2A64148F-AF9D-44C3-82F5-AC6439EAAEF7}.Debug|x64.ActiveCfg = Debug|x64
		{2A64148F-AF9D-44C3-82F5-AC6439EAAEF7}.Debug|x64.Build.0 = Debug|x64
		{2A64148F-AF9D-44C3-82F5-AC6439EAAEF7}.Debug|x86.ActiveCfg = Debug|Win32
		{2A64148F-AF9D-44C3-82F5-AC6439EAAEF7}.Debug|x86.Build.0 = Debug|Win32
		{2A64148F-AF9D-44C3-82F5-AC6439EAAEF7}.Release|Any CPU.ActiveCfg = Release|Win32
		{2A64148F-AF9D-44C3-82F5-AC6439EAAEF7}.Release|x64.ActiveCfg = Release|x64
		{2A64148F-AF9D-44C3-82F5-AC6439EAAEF7}.Release|x64.Build.0 = Release|x64
		{2A64148F-AF9D-44C3-82F5-AC6439EAAEF7}.Release|x86.ActiveCfg = Release|Win32
		{2A64148F-AF9D-44C3-82F5-AC6439EAAEF7}.Release|x86.Build.0 = Release|Win32
		{1D87A8C9-1130-4086-B0AA-1BDE30D1E497}.Debug|Any CPU.ActiveCfg = Debug|Win32
		{1D87A8C9-1130-4086-B0AA-1BDE30D1E497}.Debug|x64.ActiveCfg = Debug|x64
		{1D87A8C9-1130-4086-B0AA-1BDE30D1E497}.Debug|x64.Build.0 = Debug|x64
		{1D87A8C9-1130-4086-B0AA-1BDE30D1E497}.Debug|x86.ActiveCfg = Debug|Win32
		{1D87A8C9-1130-4086-B0AA-1BDE30D1E497}.Debug|x86.Build.0 = Debug|Win32
		{1D87A8C9-1130-4086-B0AA-1BDE30D1E497}.Release|Any CPU.ActiveCfg = Release|Win32
		{1D87A8C9-1130-4086-B0AA-1BDE30D1E497}.Release|x64.ActiveCfg = Release|x64
		{1D87A8C9-1130-4086-B0AA-1BDE30D1E497}.Release|x64.Build.0 = Release|x64
		{1D87A8C9-1130-4086-B0AA-1BDE30D1E497}.Release|x86.ActiveCfg = Release|Win32
		{1D87A8C9-1130-4086-B0AA-1BDE30D1E497}.Release|x86.Build.0 = Release|Win32
	EndGlobalSection
	GlobalSection(SolutionProperties) = preSolution
		HideSolutionNode = FALSE
	EndGlobalSection
	GlobalSection(ExtensibilityGlobals) = postSolution
		SolutionGuid = {220C7B47-3FCE-4D4F-B51D-3FDC9A341EDD}
	EndGlobalSection
EndGlobal
