<?xml version="1.0" encoding="utf-8"?>
<Project ToolsVersion="4.0" xmlns="http://schemas.microsoft.com/developer/msbuild/2003">
  <ItemGroup>
    <Filter Include="Resource Files">
      <UniqueIdentifier>{67DA6AB6-F800-4c08-8B7A-83BB121AAD01}</UniqueIdentifier>
      <Extensions>rc;ico;cur;bmp;dlg;rc2;rct;bin;rgs;gif;jpg;jpeg;jpe;resx;tiff;tif;png;wav;mfcribbon-ms</Extensions>
    </Filter>
    <Filter Include="Source">
      <UniqueIdentifier>{4FC737F1-C7A5-4376-A066-2A32D752A2FF}</UniqueIdentifier>
      <Extensions>cpp;c;cc;cxx;c++;cppm;ixx;def;odl;idl;hpj;bat;asm;asmx</Extensions>
    </Filter>
    <Filter Include="Source\AcceptThread">
      <UniqueIdentifier>{c6143c0b-5270-4e4f-9345-21c4e3548a68}</UniqueIdentifier>
    </Filter>
    <Filter Include="Source\ConnEntity">
      <UniqueIdentifier>{d7236926-b8f6-4f5f-b941-22e8aac9e089}</UniqueIdentifier>
    </Filter>
    <Filter Include="Source\Thread">
      <UniqueIdentifier>{259d35c5-8e3e-4651-aacf-0961ea5cbc64}</UniqueIdentifier>
    </Filter>
    <Filter Include="Source\LobbyThread">
      <UniqueIdentifier>{303a7cd5-346d-4e56-856f-3c1c9678db0b}</UniqueIdentifier>
    </Filter>
  </ItemGroup>
  <ItemGroup>
    <ClCompile Include="Source\ServerOnitama.cpp">
      <Filter>Source</Filter>
    </ClCompile>
    <ClCompile Include="Source\Thread\ThreadHandler.cpp">
      <Filter>Source\Thread</Filter>
    </ClCompile>
    <ClCompile Include="Source\AcceptThread\AcceptThread.cpp">
      <Filter>Source\AcceptThread</Filter>
    </ClCompile>
    <ClCompile Include="Source\ConnEntity\ConnEntity.cpp">
      <Filter>Source\ConnEntity</Filter>
    </ClCompile>
    <ClCompile Include="Source\LobbyThread\LobbyThread.cpp">
      <Filter>Source\LobbyThread</Filter>
    </ClCompile>
  </ItemGroup>
  <ItemGroup>
    <ClInclude Include="Source\Thread\ThreadHandler.h">
      <Filter>Source\Thread</Filter>
    </ClInclude>
    <ClInclude Include="Source\ConnEntity\ConnEntity.h">
      <Filter>Source\ConnEntity</Filter>
    </ClInclude>
    <ClInclude Include="Source\AcceptThread\AcceptThread.h">
      <Filter>Source\AcceptThread</Filter>
    </ClInclude>
    <ClInclude Include="Source\LobbyThread\LobbyThread.h">
      <Filter>Source\LobbyThread</Filter>
    </ClInclude>
  </ItemGroup>
</Project>