<?xml version="1.0" encoding="utf-8"?>
<Project ToolsVersion="4.0" xmlns="http://schemas.microsoft.com/developer/msbuild/2003">
  <ItemGroup>
    <Filter Include="Source">
      <UniqueIdentifier>{4FC737F1-C7A5-4376-A066-2A32D752A2FF}</UniqueIdentifier>
      <Extensions>cpp;c;cc;cxx;c++;cppm;ixx;def;odl;idl;hpj;bat;asm;asmx</Extensions>
    </Filter>
  </ItemGroup>
  <ItemGroup>
    <ClInclude Include="..\OnitamaEngine\Source\OnitamaEngineLib.h">
      <Filter>Source</Filter>
    </ClInclude>
    <ClInclude Include="..\OnitamaEngine\Source\Card\Card.h">
      <Filter>Source</Filter>
    </ClInclude>
    <ClInclude Include="..\OnitamaEngine\Source\EngineApi\EngineApi.h">
      <Filter>Source</Filter>
    </ClInclude>
    <ClInclude Include="..\OnitamaEngine\Source\MoveInformation\MoveInformation.h">
      <Filter>Source</Filter>
    </ClInclude>
    <ClInclude Include="..\OnitamaEngine\Source\MoveValidator\MoveValidator.h">
      <Filter>Source</Filter>
    </ClInclude>
    <ClInclude Include="..\OnitamaEngine\Source\OnitamaEngine\OnitamaEngine.h">
      <Filter>Source</Filter>
    </ClInclude>
    <ClInclude Include="..\OnitamaEngine\Source\Point2D\Point2D.h">
      <Filter>Source</Filter>
    </ClInclude>
  </ItemGroup>
  <ItemGroup>
    <ClCompile Include="..\OnitamaEngine\Source\start.cpp">
      <Filter>Source</Filter>
    </ClCompile>
    <ClCompile Include="..\OnitamaEngine\Source\Card\Card.cpp">
      <Filter>Source</Filter>
    </ClCompile>
    <ClCompile Include="..\OnitamaEngine\Source\EngineApi\EngineApi.cpp">
      <Filter>Source</Filter>
    </ClCompile>
    <ClCompile Include="..\OnitamaEngine\Source\MoveInformation\MoveInformation.cpp">
      <Filter>Source</Filter>
    </ClCompile>
    <ClCompile Include="..\OnitamaEngine\Source\MoveValidator\MoveValidator.cpp">
      <Filter>Source</Filter>
    </ClCompile>
    <ClCompile Include="..\OnitamaEngine\Source\OnitamaEngine\OnitamaEngine.cpp">
      <Filter>Source</Filter>
    </ClCompile>
    <ClCompile Include="..\OnitamaEngine\Source\Point2D\Point2D.cpp">
      <Filter>Source</Filter>
    </ClCompile>
  </ItemGroup>
</Project>